// !$*UTF8*$!
{
	archiveVersion = 1;
	classes = {
	};
	objectVersion = 77;
	objects = {

/* Begin PBXBuildFile section */
		021F31CCAAC5EE8401B65B7E /* CAPPenalty.swift in Sources */ = {isa = PBXBuildFile; fileRef = E345AB21AA47595F71978DF1 /* CAPPenalty.swift */; };
		AAAA11111111111111111111 /* BridgeWatcher.swift in Sources */ = {isa = PBXBuildFile; fileRef = BBBB11111111111111111111 /* BridgeWatcher.swift */; };
		AAAA22222222222222222222 /* TaskStore.swift in Sources */ = {isa = PBXBuildFile; fileRef = BBBB22222222222222222222 /* TaskStore.swift */; };
		099874B84E8DE474ED3C6D8A /* TaskModel.swift in Sources */ = {isa = PBXBuildFile; fileRef = 9AFBD16B1F6F264EA472135F /* TaskModel.swift */; };
		110350854423FD0F8FACA19F /* PermissionFlowView.swift in Sources */ = {isa = PBXBuildFile; fileRef = AD930194EBE49B7C9CB796D1 /* PermissionFlowView.swift */; };
		15E3DEDF4B756890ADE56899 /* BurnoutPill.swift in Sources */ = {isa = PBXBuildFile; fileRef = 2EE6ADE43B678E8AE8ADF4F8 /* BurnoutPill.swift */; };
		181A989E835593B7A68AD1B6 /* NotchWindowController.swift in Sources */ = {isa = PBXBuildFile; fileRef = 87A213D14F91009157F78207 /* NotchWindowController.swift */; };
		19202D032CF197176F3F9CB5 /* CalendarReader.swift in Sources */ = {isa = PBXBuildFile; fileRef = A12CB604E6682101F15E2ED9 /* CalendarReader.swift */; };
		19C26C92D811E38E516ACFAA /* SemanticProfile.swift in Sources */ = {isa = PBXBuildFile; fileRef = 68EF949AF6CA9558DC257DEF /* SemanticProfile.swift */; };
		1E87643B07483D86F4198E57 /* Stage1BView.swift in Sources */ = {isa = PBXBuildFile; fileRef = 90F5CFF37D1179DD29481361 /* Stage1BView.swift */; };
		1FECAFFAAEA146574A2D7FFA /* DesignTokens.swift in Sources */ = {isa = PBXBuildFile; fileRef = 68766A170705F7D62F386345 /* DesignTokens.swift */; };
		2435E8A027EA4A98ABDA7F38 /* Stage2AView.swift in Sources */ = {isa = PBXBuildFile; fileRef = 2022F05C5AFF6BAF3D2026EF /* Stage2AView.swift */; };
		2814D676004C692ED655E916 /* Scheduler.swift in Sources */ = {isa = PBXBuildFile; fileRef = 5BEBEB421A46E0F633605CB1 /* Scheduler.swift */; };
		2AA1D488E924A9C27C8FCB6E /* AppFocusMonitor.swift in Sources */ = {isa = PBXBuildFile; fileRef = FFC2B5B0973599E0D828D4C5 /* AppFocusMonitor.swift */; };
		35ECC7EE621702F7817ACA89 /* DiagnosisView.swift in Sources */ = {isa = PBXBuildFile; fileRef = 02836C9AA5598E5279382E44 /* DiagnosisView.swift */; };
		3A018E647ECA91F5F0265097 /* Stage0View.swift in Sources */ = {isa = PBXBuildFile; fileRef = 299A37983EFF8BB3E7CDD838 /* Stage0View.swift */; };
		3E2A3F4872B37627E81381DB /* Stage15View.swift in Sources */ = {isa = PBXBuildFile; fileRef = 2CB230BC820CDC6CEA7CB56D /* Stage15View.swift */; };
		3FCAD1DAF7A7C5143AA22769 /* TaskTickButton.swift in Sources */ = {isa = PBXBuildFile; fileRef = 37BA1A6FAD0C393D87880924 /* TaskTickButton.swift */; };
		401F3807B0A368411F755688 /* HotKeyManager.swift in Sources */ = {isa = PBXBuildFile; fileRef = 61E44BD306B92A9B7835B51E /* HotKeyManager.swift */; };
		458FA527E5C8D76E0676535E /* main.swift in Sources */ = {isa = PBXBuildFile; fileRef = 8866A6E800890901FDA4378E /* main.swift */; };
		460983CFBB1EDB70C4802011 /* WeeklyRebuilder.swift in Sources */ = {isa = PBXBuildFile; fileRef = 874F93E53D0191053CA1405D /* WeeklyRebuilder.swift */; };
		52FECDFFFC7410A24A51C8A2 /* ButtonPlacementEngine.swift in Sources */ = {isa = PBXBuildFile; fileRef = E85D09E9B8B39BF6686D2BC7 /* ButtonPlacementEngine.swift */; };
		54E41298CA9FCC1B60D8A2E4 /* AppLaunchButton.swift in Sources */ = {isa = PBXBuildFile; fileRef = 18174546F6BB585402A934D2 /* AppLaunchButton.swift */; };
		552D65797438F78C4D180A9A /* EVRUpdater.swift in Sources */ = {isa = PBXBuildFile; fileRef = 2C623361ADEABF7BF717D564 /* EVRUpdater.swift */; };
		6679BE6D5AAA5C2D333FAA71 /* GlassBreak.swift in Sources */ = {isa = PBXBuildFile; fileRef = B9E03916407069104C66E57D /* GlassBreak.swift */; };
		67CCF8BB3B77D97993FBECD4 /* InterruptionGuard.swift in Sources */ = {isa = PBXBuildFile; fileRef = F0E4CCD170C95B0EE10C4E54 /* InterruptionGuard.swift */; };
		68B4D241C83CA6DE09E863F1 /* DiagnosisMode.swift in Sources */ = {isa = PBXBuildFile; fileRef = BEAD75C2D7D2CB465B0C3169 /* DiagnosisMode.swift */; };
		743E027BE819A9293FAE21E0 /* HoverZoneMonitor.swift in Sources */ = {isa = PBXBuildFile; fileRef = 4E8FD66152AF2739BA7E8130 /* HoverZoneMonitor.swift */; };
		7BFFC8E7AF3AC181B60B1B4E /* BDIAgent.swift in Sources */ = {isa = PBXBuildFile; fileRef = E313A83A7C20AFC6806CC2B5 /* BDIAgent.swift */; };
		80442D657CFDB64A96D3B273 /* SwipeCardView.swift in Sources */ = {isa = PBXBuildFile; fileRef = 3563FF2EBCEB787573360902 /* SwipeCardView.swift */; };
		8222FC18734BBA92C336A1A4 /* AsymmetricRoundedRect.swift in Sources */ = {isa = PBXBuildFile; fileRef = 429737BD15D1374AAF41983A /* AsymmetricRoundedRect.swift */; };
		867D5B233688C983EC40BA30 /* NotchState.swift in Sources */ = {isa = PBXBuildFile; fileRef = 0C6AC9C870BE57AC021F8C63 /* NotchState.swift */; };
		97CD3C7C31B27B401E3A2E33 /* NotchRootView.swift in Sources */ = {isa = PBXBuildFile; fileRef = A84ECFD34CF57C470516BC18 /* NotchRootView.swift */; };
		97D5A7F58BAFCD615E2FE373 /* FSEventWatcher.swift in Sources */ = {isa = PBXBuildFile; fileRef = FD25688FF03462ACAD511C95 /* FSEventWatcher.swift */; };
		9C2F3B02AC75155E7565113A /* IdleDetector.swift in Sources */ = {isa = PBXBuildFile; fileRef = 2B726D6841C22F994107927E /* IdleDetector.swift */; };
		9E48B897D25BA234801CB99C /* MorningGate.swift in Sources */ = {isa = PBXBuildFile; fileRef = D110A91103F77E7D4493D40F /* MorningGate.swift */; };
		A3F5107DE0A505A13CB34937 /* Stage4View.swift in Sources */ = {isa = PBXBuildFile; fileRef = 4DF1FDA3AF6D7F5B449EE996 /* Stage4View.swift */; };
		A431A3B1F2FFBFA4DD2CC43E /* Stage1AView.swift in Sources */ = {isa = PBXBuildFile; fileRef = 6082D25F932553C3DCC448CE /* Stage1AView.swift */; };
		A55CB9718D3A34A27180A871 /* ScrollDepthHandler.swift in Sources */ = {isa = PBXBuildFile; fileRef = CA87DAA290701830C6B766B2 /* ScrollDepthHandler.swift */; };
		A7EA735CEE6CDE71FFD6ABAB /* ContextualBandit.swift in Sources */ = {isa = PBXBuildFile; fileRef = 49250C531BDFD4E1786A5D5D /* ContextualBandit.swift */; };
		AC9AE3FE0FF41FDD14F9B9EA /* PriorityScorer.swift in Sources */ = {isa = PBXBuildFile; fileRef = AE39C7EA5BC54E1C428EAE59 /* PriorityScorer.swift */; };
		BC3DD77E9DC95AE1684F179C /* DirectorySetup.swift in Sources */ = {isa = PBXBuildFile; fileRef = 375B39F7FBFEF5B573AED920 /* DirectorySetup.swift */; };
		BCA0BA4D2D9F98BA499C7B1E /* AppDelegate.swift in Sources */ = {isa = PBXBuildFile; fileRef = 75A7F89685FC8DA2870E9C3D /* AppDelegate.swift */; };
		BDDB6F1FCF9B919E5712B471 /* ContinuityBanner.swift in Sources */ = {isa = PBXBuildFile; fileRef = C34814B884231D22124CCC9A /* ContinuityBanner.swift */; };
		C41D7EC200D572BF775D8B46 /* WorkingMemory.swift in Sources */ = {isa = PBXBuildFile; fileRef = B01D1331AB2BFB5FBADD16D2 /* WorkingMemory.swift */; };
		C6306DDB4F1F5C0558BB9926 /* SwipeGestureHandler.swift in Sources */ = {isa = PBXBuildFile; fileRef = 457DD8700854A1BB5A7EFD8B /* SwipeGestureHandler.swift */; };
		CA1D14CCE96FE0BAD86014FB /* NotificationModel.swift in Sources */ = {isa = PBXBuildFile; fileRef = 64787D623D95E9FB5E68240B /* NotificationModel.swift */; };
		CC53FF43839BB521B55EDBDB /* ProActorTimer.swift in Sources */ = {isa = PBXBuildFile; fileRef = E73ABA426F40FCDBF510A9D6 /* ProActorTimer.swift */; };
		D16C4EB78B54AFB9FD5C4477 /* Stage3View.swift in Sources */ = {isa = PBXBuildFile; fileRef = A956D7106B7768BE66629AA3 /* Stage3View.swift */; };
		D4D626BD3E4D9EEECD255FD8 /* StageEnum.swift in Sources */ = {isa = PBXBuildFile; fileRef = DD04C26463753E35B1530C57 /* StageEnum.swift */; };
		D60CCC2ABEC556CD31AAFE39 /* FocusMode.swift in Sources */ = {isa = PBXBuildFile; fileRef = F452F71EC75F8029794F95E8 /* FocusMode.swift */; };
		D79C0E3B8DB568421363F0E0 /* ProgressBar.swift in Sources */ = {isa = PBXBuildFile; fileRef = D5C148BF6B2CBBA2AB06C411 /* ProgressBar.swift */; };
		DB7F17FBDEE81DDAEA8AD7D5 /* ActionButton.swift in Sources */ = {isa = PBXBuildFile; fileRef = 14904977A987BA03AA72D697 /* ActionButton.swift */; };
		DE585272908337BB7D3A0B80 /* EpisodicLog.swift in Sources */ = {isa = PBXBuildFile; fileRef = 9E2552F219EB2AFAB4F02B7B /* EpisodicLog.swift */; };
		E0A7D29CAC9D0E931F6641F9 /* RelationshipMemory.swift in Sources */ = {isa = PBXBuildFile; fileRef = 5D759AAD527FBBF012E710E3 /* RelationshipMemory.swift */; };
		E89384A0B614CC28E50309B5 /* ContextSnapshot.swift in Sources */ = {isa = PBXBuildFile; fileRef = 51E8FEAED6AEF50A50F84308 /* ContextSnapshot.swift */; };
		EF7DCDCEDD359C93A7F9F850 /* ContextPeekView.swift in Sources */ = {isa = PBXBuildFile; fileRef = AC87F4298911D0AFEA40DF95 /* ContextPeekView.swift */; };
		F5B23B40E3FF68DC268584EF /* EnergyModel.swift in Sources */ = {isa = PBXBuildFile; fileRef = 392A4CBBF069BF4657DC9840 /* EnergyModel.swift */; };
		F76013E8DF0E7C49534A4B52 /* ContextEngine.swift in Sources */ = {isa = PBXBuildFile; fileRef = 90A762B77D878605E70CFA5A /* ContextEngine.swift */; };
		F7910BDCCDBE440E67A7E113 /* Stage2BView.swift in Sources */ = {isa = PBXBuildFile; fileRef = 52269B7B7017A742F2EC3388 /* Stage2BView.swift */; };
/* End PBXBuildFile section */

/* Begin PBXFileReference section */
		02836C9AA5598E5279382E44 /* DiagnosisView.swift */ = {isa = PBXFileReference; lastKnownFileType = sourcecode.swift; path = DiagnosisView.swift; sourceTree = "<group>"; };
		BBBB11111111111111111111 /* BridgeWatcher.swift */ = {isa = PBXFileReference; lastKnownFileType = sourcecode.swift; path = BridgeWatcher.swift; sourceTree = "<group>"; };
		BBBB22222222222222222222 /* TaskStore.swift */ = {isa = PBXFileReference; lastKnownFileType = sourcecode.swift; path = TaskStore.swift; sourceTree = "<group>"; };
		0C6AC9C870BE57AC021F8C63 /* NotchState.swift */ = {isa = PBXFileReference; lastKnownFileType = sourcecode.swift; path = NotchState.swift; sourceTree = "<group>"; };
		14904977A987BA03AA72D697 /* ActionButton.swift */ = {isa = PBXFileReference; lastKnownFileType = sourcecode.swift; path = ActionButton.swift; sourceTree = "<group>"; };
		18174546F6BB585402A934D2 /* AppLaunchButton.swift */ = {isa = PBXFileReference; lastKnownFileType = sourcecode.swift; path = AppLaunchButton.swift; sourceTree = "<group>"; };
		2022F05C5AFF6BAF3D2026EF /* Stage2AView.swift */ = {isa = PBXFileReference; lastKnownFileType = sourcecode.swift; path = Stage2AView.swift; sourceTree = "<group>"; };
		299A37983EFF8BB3E7CDD838 /* Stage0View.swift */ = {isa = PBXFileReference; lastKnownFileType = sourcecode.swift; path = Stage0View.swift; sourceTree = "<group>"; };
		2B726D6841C22F994107927E /* IdleDetector.swift */ = {isa = PBXFileReference; lastKnownFileType = sourcecode.swift; path = IdleDetector.swift; sourceTree = "<group>"; };
		2C623361ADEABF7BF717D564 /* EVRUpdater.swift */ = {isa = PBXFileReference; lastKnownFileType = sourcecode.swift; path = EVRUpdater.swift; sourceTree = "<group>"; };
		2CB230BC820CDC6CEA7CB56D /* Stage15View.swift */ = {isa = PBXFileReference; lastKnownFileType = sourcecode.swift; path = Stage15View.swift; sourceTree = "<group>"; };
		2EE6ADE43B678E8AE8ADF4F8 /* BurnoutPill.swift */ = {isa = PBXFileReference; lastKnownFileType = sourcecode.swift; path = BurnoutPill.swift; sourceTree = "<group>"; };
		3563FF2EBCEB787573360902 /* SwipeCardView.swift */ = {isa = PBXFileReference; lastKnownFileType = sourcecode.swift; path = SwipeCardView.swift; sourceTree = "<group>"; };
		375B39F7FBFEF5B573AED920 /* DirectorySetup.swift */ = {isa = PBXFileReference; lastKnownFileType = sourcecode.swift; path = DirectorySetup.swift; sourceTree = "<group>"; };
		37BA1A6FAD0C393D87880924 /* TaskTickButton.swift */ = {isa = PBXFileReference; lastKnownFileType = sourcecode.swift; path = TaskTickButton.swift; sourceTree = "<group>"; };
		392A4CBBF069BF4657DC9840 /* EnergyModel.swift */ = {isa = PBXFileReference; lastKnownFileType = sourcecode.swift; path = EnergyModel.swift; sourceTree = "<group>"; };
		429737BD15D1374AAF41983A /* AsymmetricRoundedRect.swift */ = {isa = PBXFileReference; lastKnownFileType = sourcecode.swift; path = AsymmetricRoundedRect.swift; sourceTree = "<group>"; };
		457DD8700854A1BB5A7EFD8B /* SwipeGestureHandler.swift */ = {isa = PBXFileReference; lastKnownFileType = sourcecode.swift; path = SwipeGestureHandler.swift; sourceTree = "<group>"; };
		49250C531BDFD4E1786A5D5D /* ContextualBandit.swift */ = {isa = PBXFileReference; lastKnownFileType = sourcecode.swift; path = ContextualBandit.swift; sourceTree = "<group>"; };
		4DF1FDA3AF6D7F5B449EE996 /* Stage4View.swift */ = {isa = PBXFileReference; lastKnownFileType = sourcecode.swift; path = Stage4View.swift; sourceTree = "<group>"; };
		4E8FD66152AF2739BA7E8130 /* HoverZoneMonitor.swift */ = {isa = PBXFileReference; lastKnownFileType = sourcecode.swift; path = HoverZoneMonitor.swift; sourceTree = "<group>"; };
		51E8FEAED6AEF50A50F84308 /* ContextSnapshot.swift */ = {isa = PBXFileReference; lastKnownFileType = sourcecode.swift; path = ContextSnapshot.swift; sourceTree = "<group>"; };
		52269B7B7017A742F2EC3388 /* Stage2BView.swift */ = {isa = PBXFileReference; lastKnownFileType = sourcecode.swift; path = Stage2BView.swift; sourceTree = "<group>"; };
		5BEBEB421A46E0F633605CB1 /* Scheduler.swift */ = {isa = PBXFileReference; lastKnownFileType = sourcecode.swift; path = Scheduler.swift; sourceTree = "<group>"; };
		5D759AAD527FBBF012E710E3 /* RelationshipMemory.swift */ = {isa = PBXFileReference; lastKnownFileType = sourcecode.swift; path = RelationshipMemory.swift; sourceTree = "<group>"; };
		6082D25F932553C3DCC448CE /* Stage1AView.swift */ = {isa = PBXFileReference; lastKnownFileType = sourcecode.swift; path = Stage1AView.swift; sourceTree = "<group>"; };
		61E44BD306B92A9B7835B51E /* HotKeyManager.swift */ = {isa = PBXFileReference; lastKnownFileType = sourcecode.swift; path = HotKeyManager.swift; sourceTree = "<group>"; };
		64787D623D95E9FB5E68240B /* NotificationModel.swift */ = {isa = PBXFileReference; lastKnownFileType = sourcecode.swift; path = NotificationModel.swift; sourceTree = "<group>"; };
		68766A170705F7D62F386345 /* DesignTokens.swift */ = {isa = PBXFileReference; lastKnownFileType = sourcecode.swift; path = DesignTokens.swift; sourceTree = "<group>"; };
		68EF949AF6CA9558DC257DEF /* SemanticProfile.swift */ = {isa = PBXFileReference; lastKnownFileType = sourcecode.swift; path = SemanticProfile.swift; sourceTree = "<group>"; };
		6CF0BB58729B5FAAAA869A36 /* NotchlyV2.app */ = {isa = PBXFileReference; explicitFileType = wrapper.application; includeInIndex = 0; path = NotchlyV2.app; sourceTree = BUILT_PRODUCTS_DIR; };
		75A7F89685FC8DA2870E9C3D /* AppDelegate.swift */ = {isa = PBXFileReference; lastKnownFileType = sourcecode.swift; path = AppDelegate.swift; sourceTree = "<group>"; };
		874F93E53D0191053CA1405D /* WeeklyRebuilder.swift */ = {isa = PBXFileReference; lastKnownFileType = sourcecode.swift; path = WeeklyRebuilder.swift; sourceTree = "<group>"; };
		87A213D14F91009157F78207 /* NotchWindowController.swift */ = {isa = PBXFileReference; lastKnownFileType = sourcecode.swift; path = NotchWindowController.swift; sourceTree = "<group>"; };
		8866A6E800890901FDA4378E /* main.swift */ = {isa = PBXFileReference; lastKnownFileType = sourcecode.swift; path = main.swift; sourceTree = "<group>"; };
		90A762B77D878605E70CFA5A /* ContextEngine.swift */ = {isa = PBXFileReference; lastKnownFileType = sourcecode.swift; path = ContextEngine.swift; sourceTree = "<group>"; };
		90F5CFF37D1179DD29481361 /* Stage1BView.swift */ = {isa = PBXFileReference; lastKnownFileType = sourcecode.swift; path = Stage1BView.swift; sourceTree = "<group>"; };
		9AFBD16B1F6F264EA472135F /* TaskModel.swift */ = {isa = PBXFileReference; lastKnownFileType = sourcecode.swift; path = TaskModel.swift; sourceTree = "<group>"; };
		9E2552F219EB2AFAB4F02B7B /* EpisodicLog.swift */ = {isa = PBXFileReference; lastKnownFileType = sourcecode.swift; path = EpisodicLog.swift; sourceTree = "<group>"; };
		A12CB604E6682101F15E2ED9 /* CalendarReader.swift */ = {isa = PBXFileReference; lastKnownFileType = sourcecode.swift; path = CalendarReader.swift; sourceTree = "<group>"; };
		A84ECFD34CF57C470516BC18 /* NotchRootView.swift */ = {isa = PBXFileReference; lastKnownFileType = sourcecode.swift; path = NotchRootView.swift; sourceTree = "<group>"; };
		A956D7106B7768BE66629AA3 /* Stage3View.swift */ = {isa = PBXFileReference; lastKnownFileType = sourcecode.swift; path = Stage3View.swift; sourceTree = "<group>"; };
		AC87F4298911D0AFEA40DF95 /* ContextPeekView.swift */ = {isa = PBXFileReference; lastKnownFileType = sourcecode.swift; path = ContextPeekView.swift; sourceTree = "<group>"; };
		AD930194EBE49B7C9CB796D1 /* PermissionFlowView.swift */ = {isa = PBXFileReference; lastKnownFileType = sourcecode.swift; path = PermissionFlowView.swift; sourceTree = "<group>"; };
		AE39C7EA5BC54E1C428EAE59 /* PriorityScorer.swift */ = {isa = PBXFileReference; lastKnownFileType = sourcecode.swift; path = PriorityScorer.swift; sourceTree = "<group>"; };
		B01D1331AB2BFB5FBADD16D2 /* WorkingMemory.swift */ = {isa = PBXFileReference; lastKnownFileType = sourcecode.swift; path = WorkingMemory.swift; sourceTree = "<group>"; };
		B9E03916407069104C66E57D /* GlassBreak.swift */ = {isa = PBXFileReference; lastKnownFileType = sourcecode.swift; path = GlassBreak.swift; sourceTree = "<group>"; };
		BEAD75C2D7D2CB465B0C3169 /* DiagnosisMode.swift */ = {isa = PBXFileReference; lastKnownFileType = sourcecode.swift; path = DiagnosisMode.swift; sourceTree = "<group>"; };
		C34814B884231D22124CCC9A /* ContinuityBanner.swift */ = {isa = PBXFileReference; lastKnownFileType = sourcecode.swift; path = ContinuityBanner.swift; sourceTree = "<group>"; };
		CA87DAA290701830C6B766B2 /* ScrollDepthHandler.swift */ = {isa = PBXFileReference; lastKnownFileType = sourcecode.swift; path = ScrollDepthHandler.swift; sourceTree = "<group>"; };
		D110A91103F77E7D4493D40F /* MorningGate.swift */ = {isa = PBXFileReference; lastKnownFileType = sourcecode.swift; path = MorningGate.swift; sourceTree = "<group>"; };
		D5C148BF6B2CBBA2AB06C411 /* ProgressBar.swift */ = {isa = PBXFileReference; lastKnownFileType = sourcecode.swift; path = ProgressBar.swift; sourceTree = "<group>"; };
		DD04C26463753E35B1530C57 /* StageEnum.swift */ = {isa = PBXFileReference; lastKnownFileType = sourcecode.swift; path = StageEnum.swift; sourceTree = "<group>"; };
		E313A83A7C20AFC6806CC2B5 /* BDIAgent.swift */ = {isa = PBXFileReference; lastKnownFileType = sourcecode.swift; path = BDIAgent.swift; sourceTree = "<group>"; };
		E345AB21AA47595F71978DF1 /* CAPPenalty.swift */ = {isa = PBXFileReference; lastKnownFileType = sourcecode.swift; path = CAPPenalty.swift; sourceTree = "<group>"; };
		E73ABA426F40FCDBF510A9D6 /* ProActorTimer.swift */ = {isa = PBXFileReference; lastKnownFileType = sourcecode.swift; path = ProActorTimer.swift; sourceTree = "<group>"; };
		E85D09E9B8B39BF6686D2BC7 /* ButtonPlacementEngine.swift */ = {isa = PBXFileReference; lastKnownFileType = sourcecode.swift; path = ButtonPlacementEngine.swift; sourceTree = "<group>"; };
		F0E4CCD170C95B0EE10C4E54 /* InterruptionGuard.swift */ = {isa = PBXFileReference; lastKnownFileType = sourcecode.swift; path = InterruptionGuard.swift; sourceTree = "<group>"; };
		F452F71EC75F8029794F95E8 /* FocusMode.swift */ = {isa = PBXFileReference; lastKnownFileType = sourcecode.swift; path = FocusMode.swift; sourceTree = "<group>"; };
		FD25688FF03462ACAD511C95 /* FSEventWatcher.swift */ = {isa = PBXFileReference; lastKnownFileType = sourcecode.swift; path = FSEventWatcher.swift; sourceTree = "<group>"; };
		FFC2B5B0973599E0D828D4C5 /* AppFocusMonitor.swift */ = {isa = PBXFileReference; lastKnownFileType = sourcecode.swift; path = AppFocusMonitor.swift; sourceTree = "<group>"; };
/* End PBXFileReference section */

/* Begin PBXGroup section */
		00B4BD993C65EE9FB53D8FB5 /* Safeguards */ = {
			isa = PBXGroup;
			children = (
				2EE6ADE43B678E8AE8ADF4F8 /* BurnoutPill.swift */,
				BEAD75C2D7D2CB465B0C3169 /* DiagnosisMode.swift */,
				F452F71EC75F8029794F95E8 /* FocusMode.swift */,
				B9E03916407069104C66E57D /* GlassBreak.swift */,
				D110A91103F77E7D4493D40F /* MorningGate.swift */,
			);
			path = Safeguards;
			sourceTree = "<group>";
		};
		BBBB00000000000000000000 /* Bridge */ = {
			isa = PBXGroup;
			children = (
				BBBB11111111111111111111 /* BridgeWatcher.swift */,
				BBBB22222222222222222222 /* TaskStore.swift */,
			);
			path = Bridge;
			sourceTree = "<group>";
		};
		01EAAD56C8E40A10C3255596 = {
			isa = PBXGroup;
			children = (
				3279A966DE05975904C7391A /* Sources */,
				CF7D27BD9542F096CBF69AF0 /* Products */,
			);
			sourceTree = "<group>";
		};
		1805272A69AC2D17047C97AC /* Memory */ = {
			isa = PBXGroup;
			children = (
				5D759AAD527FBBF012E710E3 /* RelationshipMemory.swift */,
				68EF949AF6CA9558DC257DEF /* SemanticProfile.swift */,
				B01D1331AB2BFB5FBADD16D2 /* WorkingMemory.swift */,
			);
			path = Memory;
			sourceTree = "<group>";
		};
		2FAD82BD071089F4CE6A3CEF /* State */ = {
			isa = PBXGroup;
			children = (
				51E8FEAED6AEF50A50F84308 /* ContextSnapshot.swift */,
				0C6AC9C870BE57AC021F8C63 /* NotchState.swift */,
				64787D623D95E9FB5E68240B /* NotificationModel.swift */,
				DD04C26463753E35B1530C57 /* StageEnum.swift */,
				9AFBD16B1F6F264EA472135F /* TaskModel.swift */,
			);
			path = State;
			sourceTree = "<group>";
		};
		3279A966DE05975904C7391A /* Sources */ = {
			isa = PBXGroup;
			children = (
				CEF3245D704FF79EB4067A8D /* App */,
				BBBB00000000000000000000 /* Bridge */,
				CCF8B0BAFF049D18F90CF67F /* Brain */,
				CA17C9E953AD81D04EBF7F71 /* DataSources */,
				B8786F038E13ABD509761B88 /* Gestures */,
				3C87CFD66A9C298D2FA2A1DA /* Learning */,
				1805272A69AC2D17047C97AC /* Memory */,
				00B4BD993C65EE9FB53D8FB5 /* Safeguards */,
				2FAD82BD071089F4CE6A3CEF /* State */,
				9ED7E6506190CEE0D308221B /* UI */,
			);
			path = Sources;
			sourceTree = "<group>";
		};
		3C87CFD66A9C298D2FA2A1DA /* Learning */ = {
			isa = PBXGroup;
			children = (
				E85D09E9B8B39BF6686D2BC7 /* ButtonPlacementEngine.swift */,
				E345AB21AA47595F71978DF1 /* CAPPenalty.swift */,
				49250C531BDFD4E1786A5D5D /* ContextualBandit.swift */,
				9E2552F219EB2AFAB4F02B7B /* EpisodicLog.swift */,
				2C623361ADEABF7BF717D564 /* EVRUpdater.swift */,
				E73ABA426F40FCDBF510A9D6 /* ProActorTimer.swift */,
				874F93E53D0191053CA1405D /* WeeklyRebuilder.swift */,
			);
			path = Learning;
			sourceTree = "<group>";
		};
		6B939ED0FAF19CC8D41EBC19 /* Onboarding */ = {
			isa = PBXGroup;
			children = (
				AD930194EBE49B7C9CB796D1 /* PermissionFlowView.swift */,
			);
			path = Onboarding;
			sourceTree = "<group>";
		};
		7D09604D58B68D716D067664 /* Components */ = {
			isa = PBXGroup;
			children = (
				14904977A987BA03AA72D697 /* ActionButton.swift */,
				18174546F6BB585402A934D2 /* AppLaunchButton.swift */,
				429737BD15D1374AAF41983A /* AsymmetricRoundedRect.swift */,
				AC87F4298911D0AFEA40DF95 /* ContextPeekView.swift */,
				C34814B884231D22124CCC9A /* ContinuityBanner.swift */,
				68766A170705F7D62F386345 /* DesignTokens.swift */,
				02836C9AA5598E5279382E44 /* DiagnosisView.swift */,
				D5C148BF6B2CBBA2AB06C411 /* ProgressBar.swift */,
				3563FF2EBCEB787573360902 /* SwipeCardView.swift */,
				37BA1A6FAD0C393D87880924 /* TaskTickButton.swift */,
			);
			path = Components;
			sourceTree = "<group>";
		};
		832C9D8C57C2DE169811D9E2 /* Stages */ = {
			isa = PBXGroup;
			children = (
				299A37983EFF8BB3E7CDD838 /* Stage0View.swift */,
				6082D25F932553C3DCC448CE /* Stage1AView.swift */,
				90F5CFF37D1179DD29481361 /* Stage1BView.swift */,
				2022F05C5AFF6BAF3D2026EF /* Stage2AView.swift */,
				52269B7B7017A742F2EC3388 /* Stage2BView.swift */,
				A956D7106B7768BE66629AA3 /* Stage3View.swift */,
				4DF1FDA3AF6D7F5B449EE996 /* Stage4View.swift */,
				2CB230BC820CDC6CEA7CB56D /* Stage15View.swift */,
			);
			path = Stages;
			sourceTree = "<group>";
		};
		9ED7E6506190CEE0D308221B /* UI */ = {
			isa = PBXGroup;
			children = (
				A84ECFD34CF57C470516BC18 /* NotchRootView.swift */,
				7D09604D58B68D716D067664 /* Components */,
				6B939ED0FAF19CC8D41EBC19 /* Onboarding */,
				832C9D8C57C2DE169811D9E2 /* Stages */,
			);
			path = UI;
			sourceTree = "<group>";
		};
		B8786F038E13ABD509761B88 /* Gestures */ = {
			isa = PBXGroup;
			children = (
				61E44BD306B92A9B7835B51E /* HotKeyManager.swift */,
				4E8FD66152AF2739BA7E8130 /* HoverZoneMonitor.swift */,
				CA87DAA290701830C6B766B2 /* ScrollDepthHandler.swift */,
				457DD8700854A1BB5A7EFD8B /* SwipeGestureHandler.swift */,
			);
			path = Gestures;
			sourceTree = "<group>";
		};
		CA17C9E953AD81D04EBF7F71 /* DataSources */ = {
			isa = PBXGroup;
			children = (
				FFC2B5B0973599E0D828D4C5 /* AppFocusMonitor.swift */,
				A12CB604E6682101F15E2ED9 /* CalendarReader.swift */,
				FD25688FF03462ACAD511C95 /* FSEventWatcher.swift */,
				2B726D6841C22F994107927E /* IdleDetector.swift */,
			);
			path = DataSources;
			sourceTree = "<group>";
		};
		CCF8B0BAFF049D18F90CF67F /* Brain */ = {
			isa = PBXGroup;
			children = (
				E313A83A7C20AFC6806CC2B5 /* BDIAgent.swift */,
				90A762B77D878605E70CFA5A /* ContextEngine.swift */,
				392A4CBBF069BF4657DC9840 /* EnergyModel.swift */,
				F0E4CCD170C95B0EE10C4E54 /* InterruptionGuard.swift */,
				AE39C7EA5BC54E1C428EAE59 /* PriorityScorer.swift */,
				5BEBEB421A46E0F633605CB1 /* Scheduler.swift */,
			);
			path = Brain;
			sourceTree = "<group>";
		};
		CEF3245D704FF79EB4067A8D /* App */ = {
			isa = PBXGroup;
			children = (
				75A7F89685FC8DA2870E9C3D /* AppDelegate.swift */,
				375B39F7FBFEF5B573AED920 /* DirectorySetup.swift */,
				8866A6E800890901FDA4378E /* main.swift */,
				87A213D14F91009157F78207 /* NotchWindowController.swift */,
			);
			path = App;
			sourceTree = "<group>";
		};
		CF7D27BD9542F096CBF69AF0 /* Products */ = {
			isa = PBXGroup;
			children = (
				6CF0BB58729B5FAAAA869A36 /* NotchlyV2.app */,
			);
			name = Products;
			sourceTree = "<group>";
		};
/* End PBXGroup section */

/* Begin PBXNativeTarget section */
		5B14D0C3DCA88DE077BB2F9B /* NotchlyV2 */ = {
			isa = PBXNativeTarget;
			buildConfigurationList = 1D383314BAF74B366E31B7AE /* Build configuration list for PBXNativeTarget "NotchlyV2" */;
			buildPhases = (
				CB9C1497A9C914236750F89B /* Sources */,
			);
			buildRules = (
			);
			dependencies = (
			);
			name = NotchlyV2;
			packageProductDependencies = (
			);
			productName = NotchlyV2;
			productReference = 6CF0BB58729B5FAAAA869A36 /* NotchlyV2.app */;
			productType = "com.apple.product-type.application";
		};
/* End PBXNativeTarget section */

/* Begin PBXProject section */
		6936BA611ABBF1A828FB64A7 /* Project object */ = {
			isa = PBXProject;
			attributes = {
				BuildIndependentTargetsInParallel = YES;
				LastUpgradeCheck = 1430;
				TargetAttributes = {
					5B14D0C3DCA88DE077BB2F9B = {
						ProvisioningStyle = Manual;
					};
				};
			};
			buildConfigurationList = 924F4D40C29DE5F4790C8560 /* Build configuration list for PBXProject "NotchlyV2" */;
			developmentRegion = en;
			hasScannedForEncodings = 0;
			knownRegions = (
				Base,
				en,
			);
			mainGroup = 01EAAD56C8E40A10C3255596;
			minimizedProjectReferenceProxies = 1;
			preferredProjectObjectVersion = 77;
			productRefGroup = CF7D27BD9542F096CBF69AF0 /* Products */;
			projectDirPath = "";
			projectRoot = "";
			targets = (
				5B14D0C3DCA88DE077BB2F9B /* NotchlyV2 */,
			);
		};
/* End PBXProject section */

/* Begin PBXSourcesBuildPhase section */
		CB9C1497A9C914236750F89B /* Sources */ = {
			isa = PBXSourcesBuildPhase;
			buildActionMask = 2147483647;
			files = (
				AAAA11111111111111111111 /* BridgeWatcher.swift in Sources */,
				AAAA22222222222222222222 /* TaskStore.swift in Sources */,
				DB7F17FBDEE81DDAEA8AD7D5 /* ActionButton.swift in Sources */,
				BCA0BA4D2D9F98BA499C7B1E /* AppDelegate.swift in Sources */,
				2AA1D488E924A9C27C8FCB6E /* AppFocusMonitor.swift in Sources */,
				54E41298CA9FCC1B60D8A2E4 /* AppLaunchButton.swift in Sources */,
				8222FC18734BBA92C336A1A4 /* AsymmetricRoundedRect.swift in Sources */,
				7BFFC8E7AF3AC181B60B1B4E /* BDIAgent.swift in Sources */,
				15E3DEDF4B756890ADE56899 /* BurnoutPill.swift in Sources */,
				52FECDFFFC7410A24A51C8A2 /* ButtonPlacementEngine.swift in Sources */,
				021F31CCAAC5EE8401B65B7E /* CAPPenalty.swift in Sources */,
				19202D032CF197176F3F9CB5 /* CalendarReader.swift in Sources */,
				F76013E8DF0E7C49534A4B52 /* ContextEngine.swift in Sources */,
				EF7DCDCEDD359C93A7F9F850 /* ContextPeekView.swift in Sources */,
				E89384A0B614CC28E50309B5 /* ContextSnapshot.swift in Sources */,
				A7EA735CEE6CDE71FFD6ABAB /* ContextualBandit.swift in Sources */,
				BDDB6F1FCF9B919E5712B471 /* ContinuityBanner.swift in Sources */,
				1FECAFFAAEA146574A2D7FFA /* DesignTokens.swift in Sources */,
				68B4D241C83CA6DE09E863F1 /* DiagnosisMode.swift in Sources */,
				35ECC7EE621702F7817ACA89 /* DiagnosisView.swift in Sources */,
				BC3DD77E9DC95AE1684F179C /* DirectorySetup.swift in Sources */,
				552D65797438F78C4D180A9A /* EVRUpdater.swift in Sources */,
				F5B23B40E3FF68DC268584EF /* EnergyModel.swift in Sources */,
				DE585272908337BB7D3A0B80 /* EpisodicLog.swift in Sources */,
				97D5A7F58BAFCD615E2FE373 /* FSEventWatcher.swift in Sources */,
				D60CCC2ABEC556CD31AAFE39 /* FocusMode.swift in Sources */,
				6679BE6D5AAA5C2D333FAA71 /* GlassBreak.swift in Sources */,
				401F3807B0A368411F755688 /* HotKeyManager.swift in Sources */,
				743E027BE819A9293FAE21E0 /* HoverZoneMonitor.swift in Sources */,
				9C2F3B02AC75155E7565113A /* IdleDetector.swift in Sources */,
				67CCF8BB3B77D97993FBECD4 /* InterruptionGuard.swift in Sources */,
				9E48B897D25BA234801CB99C /* MorningGate.swift in Sources */,
				97CD3C7C31B27B401E3A2E33 /* NotchRootView.swift in Sources */,
				867D5B233688C983EC40BA30 /* NotchState.swift in Sources */,
				181A989E835593B7A68AD1B6 /* NotchWindowController.swift in Sources */,
				CA1D14CCE96FE0BAD86014FB /* NotificationModel.swift in Sources */,
				110350854423FD0F8FACA19F /* PermissionFlowView.swift in Sources */,
				AC9AE3FE0FF41FDD14F9B9EA /* PriorityScorer.swift in Sources */,
				CC53FF43839BB521B55EDBDB /* ProActorTimer.swift in Sources */,
				D79C0E3B8DB568421363F0E0 /* ProgressBar.swift in Sources */,
				E0A7D29CAC9D0E931F6641F9 /* RelationshipMemory.swift in Sources */,
				2814D676004C692ED655E916 /* Scheduler.swift in Sources */,
				A55CB9718D3A34A27180A871 /* ScrollDepthHandler.swift in Sources */,
				19C26C92D811E38E516ACFAA /* SemanticProfile.swift in Sources */,
				3A018E647ECA91F5F0265097 /* Stage0View.swift in Sources */,
				3E2A3F4872B37627E81381DB /* Stage15View.swift in Sources */,
				A431A3B1F2FFBFA4DD2CC43E /* Stage1AView.swift in Sources */,
				1E87643B07483D86F4198E57 /* Stage1BView.swift in Sources */,
				2435E8A027EA4A98ABDA7F38 /* Stage2AView.swift in Sources */,
				F7910BDCCDBE440E67A7E113 /* Stage2BView.swift in Sources */,
				D16C4EB78B54AFB9FD5C4477 /* Stage3View.swift in Sources */,
				A3F5107DE0A505A13CB34937 /* Stage4View.swift in Sources */,
				D4D626BD3E4D9EEECD255FD8 /* StageEnum.swift in Sources */,
				80442D657CFDB64A96D3B273 /* SwipeCardView.swift in Sources */,
				C6306DDB4F1F5C0558BB9926 /* SwipeGestureHandler.swift in Sources */,
				099874B84E8DE474ED3C6D8A /* TaskModel.swift in Sources */,
				3FCAD1DAF7A7C5143AA22769 /* TaskTickButton.swift in Sources */,
				460983CFBB1EDB70C4802011 /* WeeklyRebuilder.swift in Sources */,
				C41D7EC200D572BF775D8B46 /* WorkingMemory.swift in Sources */,
				458FA527E5C8D76E0676535E /* main.swift in Sources */,
			);
			runOnlyForDeploymentPostprocessing = 0;
		};
/* End PBXSourcesBuildPhase section */

/* Begin XCBuildConfiguration section */
		212D29251EEFD22400143ED5 /* Release */ = {
			isa = XCBuildConfiguration;
			buildSettings = {
				ASSETCATALOG_COMPILER_APPICON_NAME = AppIcon;
				CODE_SIGN_ENTITLEMENTS = NotchlyV2.entitlements;
				COMBINE_HIDPI_IMAGES = YES;
				INFOPLIST_FILE = Resources/Info.plist;
				LD_RUNPATH_SEARCH_PATHS = "@executable_path/../Frameworks";
				PRODUCT_BUNDLE_IDENTIFIER = com.sai.notchly;
				SDKROOT = macosx;
				SWIFT_ACTIVE_COMPILATION_CONDITIONS = DEBUG;
			};
			name = Release;
		};
		3ADA3064D21C176505106E9E /* Release */ = {
			isa = XCBuildConfiguration;
			buildSettings = {
				ALWAYS_SEARCH_USER_PATHS = NO;
				CLANG_ANALYZER_NONNULL = YES;
				CLANG_ANALYZER_NUMBER_OBJECT_CONVERSION = YES_AGGRESSIVE;
				CLANG_CXX_LANGUAGE_STANDARD = "gnu++14";
				CLANG_CXX_LIBRARY = "libc++";
				CLANG_ENABLE_MODULES = YES;
				CLANG_ENABLE_OBJC_ARC = YES;
				CLANG_ENABLE_OBJC_WEAK = YES;
				CLANG_WARN_BLOCK_CAPTURE_AUTORELEASING = YES;
				CLANG_WARN_BOOL_CONVERSION = YES;
				CLANG_WARN_COMMA = YES;
				CLANG_WARN_CONSTANT_CONVERSION = YES;
				CLANG_WARN_DEPRECATED_OBJC_IMPLEMENTATIONS = YES;
				CLANG_WARN_DIRECT_OBJC_ISA_USAGE = YES_ERROR;
				CLANG_WARN_DOCUMENTATION_COMMENTS = YES;
				CLANG_WARN_EMPTY_BODY = YES;
				CLANG_WARN_ENUM_CONVERSION = YES;
				CLANG_WARN_INFINITE_RECURSION = YES;
				CLANG_WARN_INT_CONVERSION = YES;
				CLANG_WARN_NON_LITERAL_NULL_CONVERSION = YES;
				CLANG_WARN_OBJC_IMPLICIT_RETAIN_SELF = YES;
				CLANG_WARN_OBJC_LITERAL_CONVERSION = YES;
				CLANG_WARN_OBJC_ROOT_CLASS = YES_ERROR;
				CLANG_WARN_QUOTED_INCLUDE_IN_FRAMEWORK_HEADER = YES;
				CLANG_WARN_RANGE_LOOP_ANALYSIS = YES;
				CLANG_WARN_STRICT_PROTOTYPES = YES;
				CLANG_WARN_SUSPICIOUS_MOVE = YES;
				CLANG_WARN_UNGUARDED_AVAILABILITY = YES_AGGRESSIVE;
				CLANG_WARN_UNREACHABLE_CODE = YES;
				CLANG_WARN__DUPLICATE_METHOD_MATCH = YES;
				CODE_SIGNING_REQUIRED = NO;
				CODE_SIGN_IDENTITY = "";
				CODE_SIGN_STYLE = Manual;
				COPY_PHASE_STRIP = NO;
				DEBUG_INFORMATION_FORMAT = "dwarf-with-dsym";
				ENABLE_HARDENED_RUNTIME = NO;
				ENABLE_NS_ASSERTIONS = NO;
				ENABLE_STRICT_OBJC_MSGSEND = YES;
				GCC_C_LANGUAGE_STANDARD = gnu11;
				GCC_NO_COMMON_BLOCKS = YES;
				GCC_WARN_64_TO_32_BIT_CONVERSION = YES;
				GCC_WARN_ABOUT_RETURN_TYPE = YES_ERROR;
				GCC_WARN_UNDECLARED_SELECTOR = YES;
				GCC_WARN_UNINITIALIZED_AUTOS = YES_AGGRESSIVE;
				GCC_WARN_UNUSED_FUNCTION = YES;
				GCC_WARN_UNUSED_VARIABLE = YES;
				MACOSX_DEPLOYMENT_TARGET = 13.0;
				MTL_ENABLE_DEBUG_INFO = NO;
				MTL_FAST_MATH = YES;
				OTHER_LDFLAGS = "-framework Carbon -framework IOKit -framework EventKit -framework AppKit -framework Foundation";
				PRODUCT_NAME = "$(TARGET_NAME)";
				SDKROOT = macosx;
				SWIFT_COMPILATION_MODE = wholemodule;
				SWIFT_OPTIMIZATION_LEVEL = "-O";
				SWIFT_VERSION = 5.9;
			};
			name = Release;
		};
		7CDE367C296B35A72664B0BE /* Debug */ = {
			isa = XCBuildConfiguration;
			buildSettings = {
				ALWAYS_SEARCH_USER_PATHS = NO;
				CLANG_ANALYZER_NONNULL = YES;
				CLANG_ANALYZER_NUMBER_OBJECT_CONVERSION = YES_AGGRESSIVE;
				CLANG_CXX_LANGUAGE_STANDARD = "gnu++14";
				CLANG_CXX_LIBRARY = "libc++";
				CLANG_ENABLE_MODULES = YES;
				CLANG_ENABLE_OBJC_ARC = YES;
				CLANG_ENABLE_OBJC_WEAK = YES;
				CLANG_WARN_BLOCK_CAPTURE_AUTORELEASING = YES;
				CLANG_WARN_BOOL_CONVERSION = YES;
				CLANG_WARN_COMMA = YES;
				CLANG_WARN_CONSTANT_CONVERSION = YES;
				CLANG_WARN_DEPRECATED_OBJC_IMPLEMENTATIONS = YES;
				CLANG_WARN_DIRECT_OBJC_ISA_USAGE = YES_ERROR;
				CLANG_WARN_DOCUMENTATION_COMMENTS = YES;
				CLANG_WARN_EMPTY_BODY = YES;
				CLANG_WARN_ENUM_CONVERSION = YES;
				CLANG_WARN_INFINITE_RECURSION = YES;
				CLANG_WARN_INT_CONVERSION = YES;
				CLANG_WARN_NON_LITERAL_NULL_CONVERSION = YES;
				CLANG_WARN_OBJC_IMPLICIT_RETAIN_SELF = YES;
				CLANG_WARN_OBJC_LITERAL_CONVERSION = YES;
				CLANG_WARN_OBJC_ROOT_CLASS = YES_ERROR;
				CLANG_WARN_QUOTED_INCLUDE_IN_FRAMEWORK_HEADER = YES;
				CLANG_WARN_RANGE_LOOP_ANALYSIS = YES;
				CLANG_WARN_STRICT_PROTOTYPES = YES;
				CLANG_WARN_SUSPICIOUS_MOVE = YES;
				CLANG_WARN_UNGUARDED_AVAILABILITY = YES_AGGRESSIVE;
				CLANG_WARN_UNREACHABLE_CODE = YES;
				CLANG_WARN__DUPLICATE_METHOD_MATCH = YES;
				CODE_SIGNING_REQUIRED = NO;
				CODE_SIGN_IDENTITY = "";
				CODE_SIGN_STYLE = Manual;
				COPY_PHASE_STRIP = NO;
				DEBUG_INFORMATION_FORMAT = dwarf;
				ENABLE_HARDENED_RUNTIME = NO;
				ENABLE_STRICT_OBJC_MSGSEND = YES;
				ENABLE_TESTABILITY = YES;
				GCC_C_LANGUAGE_STANDARD = gnu11;
				GCC_DYNAMIC_NO_PIC = NO;
				GCC_NO_COMMON_BLOCKS = YES;
				GCC_OPTIMIZATION_LEVEL = 0;
				GCC_PREPROCESSOR_DEFINITIONS = (
					"$(inherited)",
					"DEBUG=1",
				);
				GCC_WARN_64_TO_32_BIT_CONVERSION = YES;
				GCC_WARN_ABOUT_RETURN_TYPE = YES_ERROR;
				GCC_WARN_UNDECLARED_SELECTOR = YES;
				GCC_WARN_UNINITIALIZED_AUTOS = YES_AGGRESSIVE;
				GCC_WARN_UNUSED_FUNCTION = YES;
				GCC_WARN_UNUSED_VARIABLE = YES;
				MACOSX_DEPLOYMENT_TARGET = 13.0;
				MTL_ENABLE_DEBUG_INFO = INCLUDE_SOURCE;
				MTL_FAST_MATH = YES;
				ONLY_ACTIVE_ARCH = YES;
				OTHER_LDFLAGS = "-framework Carbon -framework IOKit -framework EventKit -framework AppKit -framework Foundation";
				PRODUCT_NAME = "$(TARGET_NAME)";
				SDKROOT = macosx;
				SWIFT_ACTIVE_COMPILATION_CONDITIONS = DEBUG;
				SWIFT_OPTIMIZATION_LEVEL = "-Onone";
				SWIFT_VERSION = 5.9;
			};
			name = Debug;
		};
		D50DE02EDD9D5D58EF43DE60 /* Debug */ = {
			isa = XCBuildConfiguration;
			buildSettings = {
				ASSETCATALOG_COMPILER_APPICON_NAME = AppIcon;
				CODE_SIGN_ENTITLEMENTS = NotchlyV2.entitlements;
				COMBINE_HIDPI_IMAGES = YES;
				INFOPLIST_FILE = Resources/Info.plist;
				LD_RUNPATH_SEARCH_PATHS = "@executable_path/../Frameworks";
				PRODUCT_BUNDLE_IDENTIFIER = com.sai.notchly;
				SDKROOT = macosx;
				SWIFT_ACTIVE_COMPILATION_CONDITIONS = DEBUG;
			};
			name = Debug;
		};
/* End XCBuildConfiguration section */

/* Begin XCConfigurationList section */
		1D383314BAF74B366E31B7AE /* Build configuration list for PBXNativeTarget "NotchlyV2" */ = {
			isa = XCConfigurationList;
			buildConfigurations = (
				D50DE02EDD9D5D58EF43DE60 /* Debug */,
				212D29251EEFD22400143ED5 /* Release */,
			);
			defaultConfigurationIsVisible = 0;
			defaultConfigurationName = Debug;
		};
		924F4D40C29DE5F4790C8560 /* Build configuration list for PBXProject "NotchlyV2" */ = {
			isa = XCConfigurationList;
			buildConfigurations = (
				7CDE367C296B35A72664B0BE /* Debug */,
				3ADA3064D21C176505106E9E /* Release */,
			);
			defaultConfigurationIsVisible = 0;
			defaultConfigurationName = Debug;
		};
/* End XCConfigurationList section */
	};
	rootObject = 6936BA611ABBF1A828FB64A7 /* Project object */;
}
